<?xml version="1.0" encoding="utf-8"?>
<Project ToolsVersion="4.0" xmlns="http://schemas.microsoft.com/developer/msbuild/2003">
  <ItemGroup>
    <Filter Include="Source Files">
      <UniqueIdentifier>{4FC737F1-C7A5-4376-A066-2A32D752A2FF}</UniqueIdentifier>
      <Extensions>cpp;c;cc;cxx;c++;cppm;ixx;def;odl;idl;hpj;bat;asm;asmx</Extensions>
    </Filter>
    <Filter Include="Header Files">
      <UniqueIdentifier>{93995380-89BD-4b04-88EB-625FBE52EBFB}</UniqueIdentifier>
      <Extensions>h;hh;hpp;hxx;h++;hm;inl;inc;ipp;xsd</Extensions>
    </Filter>
    <Filter Include="Resource Files">
      <UniqueIdentifier>{67DA6AB6-F800-4c08-8B7A-83BB121AAD01}</UniqueIdentifier>
      <Extensions>rc;ico;cur;bmp;dlg;rc2;rct;bin;rgs;gif;jpg;jpeg;jpe;resx;tiff;tif;png;wav;mfcribbon-ms</Extensions>
    </Filter>
    <Filter Include="Header Files\D3D">
      <UniqueIdentifier>{c8a3291c-3dbc-4065-b32c-4c662883ca6e}</UniqueIdentifier>
    </Filter>
    <Filter Include="Source Files\D3D">
      <UniqueIdentifier>{f11c3a05-8c92-49b6-9ffd-306f055b18d7}</UniqueIdentifier>
    </Filter>
    <Filter Include="Header Files\Misc">
      <UniqueIdentifier>{608f9d7d-bf1e-4924-a945-b9ae38744e24}</UniqueIdentifier>
    </Filter>
    <Filter Include="Header Files\Data">
      <UniqueIdentifier>{e2265972-a696-4631-aea6-f4567aef343e}</UniqueIdentifier>
    </Filter>
    <Filter Include="Header Files\Functions">
      <UniqueIdentifier>{dccd136b-3f02-4c26-8575-ac8eb1b673f8}</UniqueIdentifier>
    </Filter>
    <Filter Include="Header Files\Utility">
      <UniqueIdentifier>{0e9cf6c4-072d-4ce1-a5ba-082ff2caf9f4}</UniqueIdentifier>
    </Filter>
    <Filter Include="Source Files\Functions">
      <UniqueIdentifier>{7ce013da-2921-46a3-b33c-1bc436fd35ee}</UniqueIdentifier>
    </Filter>
  </ItemGroup>
  <ItemGroup>
    <ClInclude Include="pch.h">
      <Filter>Header Files</Filter>
    </ClInclude>
    <ClInclude Include="dx.h">
      <Filter>Header Files\D3D</Filter>
    </ClInclude>
    <ClInclude Include="drawing.h">
      <Filter>Header Files\D3D</Filter>
    </ClInclude>
    <ClInclude Include="color.hpp">
      <Filter>Header Files\Misc</Filter>
    </ClInclude>
    <ClInclude Include="framework.h">
      <Filter>Header Files\Misc</Filter>
    </ClInclude>
    <ClInclude Include="signal.hpp">
      <Filter>Header Files\Misc</Filter>
    </ClInclude>
    <ClInclude Include="addr.h">
      <Filter>Header Files\Data</Filter>
    </ClInclude>
    <ClInclude Include="waypoints.h">
      <Filter>Header Files\Data</Filter>
    </ClInclude>
    <ClInclude Include="Regions.h">
      <Filter>Header Files\Data</Filter>
    </ClInclude>
    <ClInclude Include="Entities.h">
      <Filter>Header Files\Functions</Filter>
    </ClInclude>
    <ClInclude Include="Func.h">
      <Filter>Header Files\Functions</Filter>
    </ClInclude>
    <ClInclude Include="hack.h">
      <Filter>Header Files\Misc</Filter>
    </ClInclude>
    <ClInclude Include="hook.h">
      <Filter>Header Files\Utility</Filter>
    </ClInclude>
    <ClInclude Include="mem.h">
      <Filter>Header Files\Utility</Filter>
    </ClInclude>
    <ClInclude Include="structs.h">
      <Filter>Header Files\Data</Filter>
    </ClInclude>
    <ClInclude Include="Pathing.h">
      <Filter>Header Files\Functions</Filter>
    </ClInclude>
    <ClInclude Include="include.h">
      <Filter>Header Files</Filter>
    </ClInclude>
    <ClInclude Include="Packets.h">
      <Filter>Header Files\Functions</Filter>
    </ClInclude>
    <ClInclude Include="Vars.h">
      <Filter>Header Files\Data</Filter>
    </ClInclude>
  </ItemGroup>
  <ItemGroup>
    <ClCompile Include="dllmain.cpp">
      <Filter>Source Files</Filter>
    </ClCompile>
    <ClCompile Include="mem.cpp">
      <Filter>Source Files</Filter>
    </ClCompile>
    <ClCompile Include="hack.cpp">
      <Filter>Source Files</Filter>
    </ClCompile>
    <ClCompile Include="hook.cpp">
      <Filter>Source Files</Filter>
    </ClCompile>
    <ClCompile Include="structs.cpp">
      <Filter>Source Files</Filter>
    </ClCompile>
    <ClCompile Include="drawing.cpp">
      <Filter>Source Files\D3D</Filter>
    </ClCompile>
    <ClCompile Include="dx.cpp">
      <Filter>Source Files\D3D</Filter>
    </ClCompile>
    <ClCompile Include="Entities.cpp">
      <Filter>Source Files\Functions</Filter>
    </ClCompile>
    <ClCompile Include="Pathing.cpp">
      <Filter>Source Files\Functions</Filter>
    </ClCompile>
    <ClCompile Include="Func.cpp">
      <Filter>Source Files\Functions</Filter>
    </ClCompile>
    <ClCompile Include="pch.cpp">
      <Filter>Source Files</Filter>
    </ClCompile>
    <ClCompile Include="Packets.cpp">
      <Filter>Source Files\Functions</Filter>
    </ClCompile>
  </ItemGroup>
</Project>